
Microsoft Visual Studio Solution File, Format Version 12.00
# Visual Studio Version 17
VisualStudioVersion = 17.7.33920.267
MinimumVisualStudioVersion = 10.0.40219.1
Project("{9A19103F-16F7-4668-BE54-9A1E7A4F7556}") = "BulkyWeb", "BulkyWeb\BulkyWeb.csproj", "{38FAE944-C61D-40F5-9CE6-2847F11C51A7}"
EndProject
Project("{9A19103F-16F7-4668-BE54-9A1E7A4F7556}") = "Bulky.DataAccess", "Bulky.DataAccess\Bulky.DataAccess.csproj", "{A216CFEC-719E-4FA0-AF3B-9E7A6B9DC53D}"
EndProject
Project("{9A19103F-16F7-4668-BE54-9A1E7A4F7556}") = "Bulky.Models", "Bulky.Models\Bulky.Models.csproj", "{58EBEA7F-9A59-4E60-9265-C43C2BBC412C}"
EndProject
Project("{9A19103F-16F7-4668-BE54-9A1E7A4F7556}") = "Bulky.Utility", "Bulky.Utility\Bulky.Utility.csproj", "{9EE5B73D-9920-4268-8FA6-AF3A6064F9FC}"
EndProject
Project("{9A19103F-16F7-4668-BE54-9A1E7A4F7556}") = "BulkyWebRazor_Temp", "BulkyWebRazor_Temp\BulkyWebRazor_Temp.csproj", "{92F8D250-B5D0-4384-9794-EF86BCD13C27}"
EndProject
Global
	GlobalSection(SolutionConfigurationPlatforms) = preSolution
		Debug|Any CPU = Debug|Any CPU
		Release|Any CPU = Release|Any CPU
	EndGlobalSection
	GlobalSection(ProjectConfigurationPlatforms) = postSolution
		{38FAE944-C61D-40F5-9CE6-2847F11C51A7}.Debug|Any CPU.ActiveCfg = Debug|Any CPU
		{38FAE944-C61D-40F5-9CE6-2847F11C51A7}.Debug|Any CPU.Build.0 = Debug|Any CPU
		{38FAE944-C61D-40F5-9CE6-2847F11C51A7}.Release|Any CPU.ActiveCfg = Release|Any CPU
		{38FAE944-C61D-40F5-9CE6-2847F11C51A7}.Release|Any CPU.Build.0 = Release|Any CPU
		{A216CFEC-719E-4FA0-AF3B-9E7A6B9DC53D}.Debug|Any CPU.ActiveCfg = Debug|Any CPU
		{A216CFEC-719E-4FA0-AF3B-9E7A6B9DC53D}.Debug|Any CPU.Build.0 = Debug|Any CPU
		{A216CFEC-719E-4FA0-AF3B-9E7A6B9DC53D}.Release|Any CPU.ActiveCfg = Release|Any CPU
		{A216CFEC-719E-4FA0-AF3B-9E7A6B9DC53D}.Release|Any CPU.Build.0 = Release|Any CPU
		{58EBEA7F-9A59-4E60-9265-C43C2BBC412C}.Debug|Any CPU.ActiveCfg = Debug|Any CPU
		{58EBEA7F-9A59-4E60-9265-C43C2BBC412C}.Debug|Any CPU.Build.0 = Debug|Any CPU
		{58EBEA7F-9A59-4E60-9265-C43C2BBC412C}.Release|Any CPU.ActiveCfg = Release|Any CPU
		{58EBEA7F-9A59-4E60-9265-C43C2BBC412C}.Release|Any CPU.Build.0 = Release|Any CPU
		{9EE5B73D-9920-4268-8FA6-AF3A6064F9FC}.Debug|Any CPU.ActiveCfg = Debug|Any CPU
		{9EE5B73D-9920-4268-8FA6-AF3A6064F9FC}.Debug|Any CPU.Build.0 = Debug|Any CPU
		{9EE5B73D-9920-4268-8FA6-AF3A6064F9FC}.Release|Any CPU.ActiveCfg = Release|Any CPU
		{9EE5B73D-9920-4268-8FA6-AF3A6064F9FC}.Release|Any CPU.Build.0 = Release|Any CPU
		{92F8D250-B5D0-4384-9794-EF86BCD13C27}.Debug|Any CPU.ActiveCfg = Debug|Any CPU
		{92F8D250-B5D0-4384-9794-EF86BCD13C27}.Debug|Any CPU.Build.0 = Debug|Any CPU
		{92F8D250-B5D0-4384-9794-EF86BCD13C27}.Release|Any CPU.ActiveCfg = Release|Any CPU
		{92F8D250-B5D0-4384-9794-EF86BCD13C27}.Release|Any CPU.Build.0 = Release|Any CPU
	EndGlobalSection
	GlobalSection(SolutionProperties) = preSolution
		HideSolutionNode = FALSE
	EndGlobalSection
	GlobalSection(ExtensibilityGlobals) = postSolution
		SolutionGuid = {6A89227C-E748-4E79-A50F-D729A5ADA147}
	EndGlobalSection
EndGlobal
